// !$*UTF8*$!
{
	archiveVersion = 1;
	classes = {
	};
	objectVersion = 48;
	objects = {

/* Begin PBXBuildFile section */
		CD633610204ED94900BEA789 /* AppDelegate.swift in Sources */ = {isa = PBXBuildFile; fileRef = CD63360F204ED94900BEA789 /* AppDelegate.swift */; };
		CD633612204ED94900BEA789 /* ViewController.swift in Sources */ = {isa = PBXBuildFile; fileRef = CD633611204ED94900BEA789 /* ViewController.swift */; };
		CD633615204ED94900BEA789 /* Main.storyboard in Resources */ = {isa = PBXBuildFile; fileRef = CD633613204ED94900BEA789 /* Main.storyboard */; };
		CD633617204ED94900BEA789 /* Assets.xcassets in Resources */ = {isa = PBXBuildFile; fileRef = CD633616204ED94900BEA789 /* Assets.xcassets */; };
		CD63361A204ED94900BEA789 /* LaunchScreen.storyboard in Resources */ = {isa = PBXBuildFile; fileRef = CD633618204ED94900BEA789 /* LaunchScreen.storyboard */; };
		CD633625204ED94900BEA789 /* FancyTextBoxTests.swift in Sources */ = {isa = PBXBuildFile; fileRef = CD633624204ED94900BEA789 /* FancyTextBoxTests.swift */; };
/* End PBXBuildFile section */

/* Begin PBXContainerItemProxy section */
		CD633621204ED94900BEA789 /* PBXContainerItemProxy */ = {
			isa = PBXContainerItemProxy;
			containerPortal = CD633604204ED94900BEA789 /* Project object */;
			proxyType = 1;
			remoteGlobalIDString = CD63360B204ED94900BEA789;
			remoteInfo = FancyTextBox;
		};
/* End PBXContainerItemProxy section */

/* Begin PBXFileReference section */
		CD63360C204ED94900BEA789 /* FancyTextBox.app */ = {isa = PBXFileReference; explicitFileType = wrapper.application; includeInIndex = 0; path = FancyTextBox.app; sourceTree = BUILT_PRODUCTS_DIR; };
		CD63360F204ED94900BEA789 /* AppDelegate.swift */ = {isa = PBXFileReference; lastKnownFileType = sourcecode.swift; path = AppDelegate.swift; sourceTree = "<group>"; };
		CD633611204ED94900BEA789 /* ViewController.swift */ = {isa = PBXFileReference; lastKnownFileType = sourcecode.swift; path = ViewController.swift; sourceTree = "<group>"; };
		CD633614204ED94900BEA789 /* Base */ = {isa = PBXFileReference; lastKnownFileType = file.storyboard; name = Base; path = Base.lproj/Main.storyboard; sourceTree = "<group>"; };
		CD633616204ED94900BEA789 /* Assets.xcassets */ = {isa = PBXFileReference; lastKnownFileType = folder.assetcatalog; path = Assets.xcassets; sourceTree = "<group>"; };
		CD633619204ED94900BEA789 /* Base */ = {isa = PBXFileReference; lastKnownFileType = file.storyboard; name = Base; path = Base.lproj/LaunchScreen.storyboard; sourceTree = "<group>"; };
		CD63361B204ED94900BEA789 /* Info.plist */ = {isa = PBXFileReference; lastKnownFileType = text.plist.xml; path = Info.plist; sourceTree = "<group>"; };
		CD633620204ED94900BEA789 /* FancyTextBoxTests.xctest */ = {isa = PBXFileReference; explicitFileType = wrapper.cfbundle; includeInIndex = 0; path = FancyTextBoxTests.xctest; sourceTree = BUILT_PRODUCTS_DIR; };
		CD633624204ED94900BEA789 /* FancyTextBoxTests.swift */ = {isa = PBXFileReference; lastKnownFileType = sourcecode.swift; path = FancyTextBoxTests.swift; sourceTree = "<group>"; };
		CD633626204ED94900BEA789 /* Info.plist */ = {isa = PBXFileReference; lastKnownFileType = text.plist.xml; path = Info.plist; sourceTree = "<group>"; };
/* End PBXFileReference section */

/* Begin PBXFrameworksBuildPhase section */
		CD633609204ED94900BEA789 /* Frameworks */ = {
			isa = PBXFrameworksBuildPhase;
			buildActionMask = 2147483647;
			files = (
			);
			runOnlyForDeploymentPostprocessing = 0;
		};
		CD63361D204ED94900BEA789 /* Frameworks */ = {
			isa = PBXFrameworksBuildPhase;
			buildActionMask = 2147483647;
			files = (
			);
			runOnlyForDeploymentPostprocessing = 0;
		};
/* End PBXFrameworksBuildPhase section */

/* Begin PBXGroup section */
		CD633603204ED94900BEA789 = {
			isa = PBXGroup;
			children = (
				CD63360E204ED94900BEA789 /* FancyTextBox */,
				CD633623204ED94900BEA789 /* FancyTextBoxTests */,
				CD63360D204ED94900BEA789 /* Products */,
			);
			sourceTree = "<group>";
		};
		CD63360D204ED94900BEA789 /* Products */ = {
			isa = PBXGroup;
			children = (
				CD63360C204ED94900BEA789 /* FancyTextBox.app */,
				CD633620204ED94900BEA789 /* FancyTextBoxTests.xctest */,
			);
			name = Products;
			sourceTree = "<group>";
		};
		CD63360E204ED94900BEA789 /* FancyTextBox */ = {
			isa = PBXGroup;
			children = (
				CD63360F204ED94900BEA789 /* AppDelegate.swift */,
				CD633611204ED94900BEA789 /* ViewController.swift */,
				CD633613204ED94900BEA789 /* Main.storyboard */,
				CD633616204ED94900BEA789 /* Assets.xcassets */,
				CD633618204ED94900BEA789 /* LaunchScreen.storyboard */,
				CD63361B204ED94900BEA789 /* Info.plist */,
			);
			path = FancyTextBox;
			sourceTree = "<group>";
		};
		CD633623204ED94900BEA789 /* FancyTextBoxTests */ = {
			isa = PBXGroup;
			children = (
				CD633624204ED94900BEA789 /* FancyTextBoxTests.swift */,
				CD633626204ED94900BEA789 /* Info.plist */,
			);
			path = FancyTextBoxTests;
			sourceTree = "<group>";
		};
/* End PBXGroup section */

/* Begin PBXNativeTarget section */
		CD63360B204ED94900BEA789 /* FancyTextBox */ = {
			isa = PBXNativeTarget;
			buildConfigurationList = CD633629204ED94900BEA789 /* Build configuration list for PBXNativeTarget "FancyTextBox" */;
			buildPhases = (
				CD633608204ED94900BEA789 /* Sources */,
				CD633609204ED94900BEA789 /* Frameworks */,
				CD63360A204ED94900BEA789 /* Resources */,
			);
			buildRules = (
			);
			dependencies = (
			);
			name = FancyTextBox;
			productName = FancyTextBox;
			productReference = CD63360C204ED94900BEA789 /* FancyTextBox.app */;
			productType = "com.apple.product-type.application";
		};
		CD63361F204ED94900BEA789 /* FancyTextBoxTests */ = {
			isa = PBXNativeTarget;
			buildConfigurationList = CD63362C204ED94900BEA789 /* Build configuration list for PBXNativeTarget "FancyTextBoxTests" */;
			buildPhases = (
				CD63361C204ED94900BEA789 /* Sources */,
				CD63361D204ED94900BEA789 /* Frameworks */,
				CD63361E204ED94900BEA789 /* Resources */,
			);
			buildRules = (
			);
			dependencies = (
				CD633622204ED94900BEA789 /* PBXTargetDependency */,
			);
			name = FancyTextBoxTests;
			productName = FancyTextBoxTests;
			productReference = CD633620204ED94900BEA789 /* FancyTextBoxTests.xctest */;
			productType = "com.apple.product-type.bundle.unit-test";
		};
/* End PBXNativeTarget section */

/* Begin PBXProject section */
		CD633604204ED94900BEA789 /* Project object */ = {
			isa = PBXProject;
			attributes = {
				LastSwiftUpdateCheck = 0910;
				LastUpgradeCheck = 0910;
				ORGANIZATIONNAME = "Philip Shen";
				TargetAttributes = {
					CD63360B204ED94900BEA789 = {
						CreatedOnToolsVersion = 9.1;
						ProvisioningStyle = Automatic;
					};
					CD63361F204ED94900BEA789 = {
						CreatedOnToolsVersion = 9.1;
						ProvisioningStyle = Automatic;
						TestTargetID = CD63360B204ED94900BEA789;
					};
				};
			};
			buildConfigurationList = CD633607204ED94900BEA789 /* Build configuration list for PBXProject "FancyTextBox" */;
			compatibilityVersion = "Xcode 8.0";
			developmentRegion = en;
			hasScannedForEncodings = 0;
			knownRegions = (
				en,
				Base,
			);
			mainGroup = CD633603204ED94900BEA789;
			productRefGroup = CD63360D204ED94900BEA789 /* Products */;
			projectDirPath = "";
			projectRoot = "";
			targets = (
				CD63360B204ED94900BEA789 /* FancyTextBox */,
				CD63361F204ED94900BEA789 /* FancyTextBoxTests */,
			);
		};
/* End PBXProject section */

/* Begin PBXResourcesBuildPhase section */
		CD63360A204ED94900BEA789 /* Resources */ = {
			isa = PBXResourcesBuildPhase;
			buildActionMask = 2147483647;
			files = (
				CD63361A204ED94900BEA789 /* LaunchScreen.storyboard in Resources */,
				CD633617204ED94900BEA789 /* Assets.xcassets in Resources */,
				CD633615204ED94900BEA789 /* Main.storyboard in Resources */,
			);
			runOnlyForDeploymentPostprocessing = 0;
		};
		CD63361E204ED94900BEA789 /* Resources */ = {
			isa = PBXResourcesBuildPhase;
			buildActionMask = 2147483647;
			files = (
			);
			runOnlyForDeploymentPostprocessing = 0;
		};
/* End PBXResourcesBuildPhase section */

/* Begin PBXSourcesBuildPhase section */
		CD633608204ED94900BEA789 /* Sources */ = {
			isa = PBXSourcesBuildPhase;
			buildActionMask = 2147483647;
			files = (
				CD633612204ED94900BEA789 /* ViewController.swift in Sources */,
				CD633610204ED94900BEA789 /* AppDelegate.swift in Sources */,
			);
			runOnlyForDeploymentPostprocessing = 0;
		};
		CD63361C204ED94900BEA789 /* Sources */ = {
			isa = PBXSourcesBuildPhase;
			buildActionMask = 2147483647;
			files = (
				CD633625204ED94900BEA789 /* FancyTextBoxTests.swift in Sources */,
			);
			runOnlyForDeploymentPostprocessing = 0;
		};
/* End PBXSourcesBuildPhase section */

/* Begin PBXTargetDependency section */
		CD633622204ED94900BEA789 /* PBXTargetDependency */ = {
			isa = PBXTargetDependency;
			target = CD63360B204ED94900BEA789 /* FancyTextBox */;
			targetProxy = CD633621204ED94900BEA789 /* PBXContainerItemProxy */;
		};
/* End PBXTargetDependency section */

/* Begin PBXVariantGroup section */
		CD633613204ED94900BEA789 /* Main.storyboard */ = {
			isa = PBXVariantGroup;
			children = (
				CD633614204ED94900BEA789 /* Base */,
			);
			name = Main.storyboard;
			sourceTree = "<group>";
		};
		CD633618204ED94900BEA789 /* LaunchScreen.storyboard */ = {
			isa = PBXVariantGroup;
			children = (
				CD633619204ED94900BEA789 /* Base */,
			);
			name = LaunchScreen.storyboard;
			sourceTree = "<group>";
		};
/* End PBXVariantGroup section */

/* Begin XCBuildConfiguration section */
		CD633627204ED94900BEA789 /* Debug */ = {
			isa = XCBuildConfiguration;
			buildSettings = {
				ALWAYS_SEARCH_USER_PATHS = NO;
				CLANG_ANALYZER_NONNULL = YES;
				CLANG_ANALYZER_NUMBER_OBJECT_CONVERSION = YES_AGGRESSIVE;
				CLANG_CXX_LANGUAGE_STANDARD = "gnu++14";
				CLANG_CXX_LIBRARY = "libc++";
				CLANG_ENABLE_MODULES = YES;
				CLANG_ENABLE_OBJC_ARC = YES;
				CLANG_WARN_BLOCK_CAPTURE_AUTORELEASING = YES;
				CLANG_WARN_BOOL_CONVERSION = YES;
				CLANG_WARN_COMMA = YES;
				CLANG_WARN_CONSTANT_CONVERSION = YES;
				CLANG_WARN_DIRECT_OBJC_ISA_USAGE = YES_ERROR;
				CLANG_WARN_DOCUMENTATION_COMMENTS = YES;
				CLANG_WARN_EMPTY_BODY = YES;
				CLANG_WARN_ENUM_CONVERSION = YES;
				CLANG_WARN_INFINITE_RECURSION = YES;
				CLANG_WARN_INT_CONVERSION = YES;
				CLANG_WARN_NON_LITERAL_NULL_CONVERSION = YES;
				CLANG_WARN_OBJC_LITERAL_CONVERSION = YES;
				CLANG_WARN_OBJC_ROOT_CLASS = YES_ERROR;
				CLANG_WARN_RANGE_LOOP_ANALYSIS = YES;
				CLANG_WARN_STRICT_PROTOTYPES = YES;
				CLANG_WARN_SUSPICIOUS_MOVE = YES;
				CLANG_WARN_UNGUARDED_AVAILABILITY = YES_AGGRESSIVE;
				CLANG_WARN_UNREACHABLE_CODE = YES;
				CLANG_WARN__DUPLICATE_METHOD_MATCH = YES;
				CODE_SIGN_IDENTITY = "iPhone Developer";
				COPY_PHASE_STRIP = NO;
				DEBUG_INFORMATION_FORMAT = dwarf;
				ENABLE_STRICT_OBJC_MSGSEND = YES;
				ENABLE_TESTABILITY = YES;
				GCC_C_LANGUAGE_STANDARD = gnu11;
				GCC_DYNAMIC_NO_PIC = NO;
				GCC_NO_COMMON_BLOCKS = YES;
				GCC_OPTIMIZATION_LEVEL = 0;
				GCC_PREPROCESSOR_DEFINITIONS = (
					"DEBUG=1",
					"$(inherited)",
				);
				GCC_WARN_64_TO_32_BIT_CONVERSION = YES;
				GCC_WARN_ABOUT_RETURN_TYPE = YES_ERROR;
				GCC_WARN_UNDECLARED_SELECTOR = YES;
				GCC_WARN_UNINITIALIZED_AUTOS = YES_AGGRESSIVE;
				GCC_WARN_UNUSED_FUNCTION = YES;
				GCC_WARN_UNUSED_VARIABLE = YES;
				IPHONEOS_DEPLOYMENT_TARGET = 11.1;
				MTL_ENABLE_DEBUG_INFO = YES;
				ONLY_ACTIVE_ARCH = YES;
				SDKROOT = iphoneos;
				SWIFT_ACTIVE_COMPILATION_CONDITIONS = DEBUG;
				SWIFT_OPTIMIZATION_LEVEL = "-Onone";
			};
			name = Debug;
		};
		CD633628204ED94900BEA789 /* Release */ = {
			isa = XCBuildConfiguration;
			buildSettings = {
				ALWAYS_SEARCH_USER_PATHS = NO;
				CLANG_ANALYZER_NONNULL = YES;
				CLANG_ANALYZER_NUMBER_OBJECT_CONVERSION = YES_AGGRESSIVE;
				CLANG_CXX_LANGUAGE_STANDARD = "gnu++14";
				CLANG_CXX_LIBRARY = "libc++";
				CLANG_ENABLE_MODULES = YES;
				CLANG_ENABLE_OBJC_ARC = YES;
				CLANG_WARN_BLOCK_CAPTURE_AUTORELEASING = YES;
				CLANG_WARN_BOOL_CONVERSION = YES;
				CLANG_WARN_COMMA = YES;
				CLANG_WARN_CONSTANT_CONVERSION = YES;
				CLANG_WARN_DIRECT_OBJC_ISA_USAGE = YES_ERROR;
				CLANG_WARN_DOCUMENTATION_COMMENTS = YES;
				CLANG_WARN_EMPTY_BODY = YES;
				CLANG_WARN_ENUM_CONVERSION = YES;
				CLANG_WARN_INFINITE_RECURSION = YES;
				CLANG_WARN_INT_CONVERSION = YES;
				CLANG_WARN_NON_LITERAL_NULL_CONVERSION = YES;
				CLANG_WARN_OBJC_LITERAL_CONVERSION = YES;
				CLANG_WARN_OBJC_ROOT_CLASS = YES_ERROR;
				CLANG_WARN_RANGE_LOOP_ANALYSIS = YES;
				CLANG_WARN_STRICT_PROTOTYPES = YES;
				CLANG_WARN_SUSPICIOUS_MOVE = YES;
				CLANG_WARN_UNGUARDED_AVAILABILITY = YES_AGGRESSIVE;
				CLANG_WARN_UNREACHABLE_CODE = YES;
				CLANG_WARN__DUPLICATE_METHOD_MATCH = YES;
				CODE_SIGN_IDENTITY = "iPhone Developer";
				COPY_PHASE_STRIP = NO;
				DEBUG_INFORMATION_FORMAT = "dwarf-with-dsym";
				ENABLE_NS_ASSERTIONS = NO;
				ENABLE_STRICT_OBJC_MSGSEND = YES;
				GCC_C_LANGUAGE_STANDARD = gnu11;
				GCC_NO_COMMON_BLOCKS = YES;
				GCC_WARN_64_TO_32_BIT_CONVERSION = YES;
				GCC_WARN_ABOUT_RETURN_TYPE = YES_ERROR;
				GCC_WARN_UNDECLARED_SELECTOR = YES;
				GCC_WARN_UNINITIALIZED_AUTOS = YES_AGGRESSIVE;
				GCC_WARN_UNUSED_FUNCTION = YES;
				GCC_WARN_UNUSED_VARIABLE = YES;
				IPHONEOS_DEPLOYMENT_TARGET = 11.1;
				MTL_ENABLE_DEBUG_INFO = NO;
				SDKROOT = iphoneos;
				SWIFT_OPTIMIZATION_LEVEL = "-Owholemodule";
				VALIDATE_PRODUCT = YES;
			};
			name = Release;
		};
		CD63362A204ED94900BEA789 /* Debug */ = {
			isa = XCBuildConfiguration;
			buildSettings = {
				ASSETCATALOG_COMPILER_APPICON_NAME = AppIcon;
				CODE_SIGN_STYLE = Automatic;
				DEVELOPMENT_TEAM = 3HPRL79RHD;
				INFOPLIST_FILE = FancyTextBox/Info.plist;
				LD_RUNPATH_SEARCH_PATHS = "$(inherited) @executable_path/Frameworks";
				PRODUCT_BUNDLE_IDENTIFIER = com.philipshen.testing.FancyTextBox;
				PRODUCT_NAME = "$(TARGET_NAME)";
				SWIFT_VERSION = 4.0;
				TARGETED_DEVICE_FAMILY = "1,2";
			};
			name = Debug;
		};
		CD63362B204ED94900BEA789 /* Release */ = {
			isa = XCBuildConfiguration;
			buildSettings = {
				ASSETCATALOG_COMPILER_APPICON_NAME = AppIcon;
				CODE_SIGN_STYLE = Automatic;
				DEVELOPMENT_TEAM = 3HPRL79RHD;
				INFOPLIST_FILE = FancyTextBox/Info.plist;
				LD_RUNPATH_SEARCH_PATHS = "$(inherited) @executable_path/Frameworks";
				PRODUCT_BUNDLE_IDENTIFIER = com.philipshen.testing.FancyTextBox;
				PRODUCT_NAME = "$(TARGET_NAME)";
				SWIFT_VERSION = 4.0;
				TARGETED_DEVICE_FAMILY = "1,2";
			};
			name = Release;
		};
		CD63362D204ED94900BEA789 /* Debug */ = {
			isa = XCBuildConfiguration;
			buildSettings = {
				ALWAYS_EMBED_SWIFT_STANDARD_LIBRARIES = YES;
				BUNDLE_LOADER = "$(TEST_HOST)";
				CODE_SIGN_STYLE = Automatic;
				DEVELOPMENT_TEAM = 3HPRL79RHD;
				INFOPLIST_FILE = FancyTextBoxTests/Info.plist;
				LD_RUNPATH_SEARCH_PATHS = "$(inherited) @executable_path/Frameworks @loader_path/Frameworks";
				PRODUCT_BUNDLE_IDENTIFIER = com.philipshen.testing.FancyTextBoxTests;
				PRODUCT_NAME = "$(TARGET_NAME)";
				SWIFT_VERSION = 4.0;
				TARGETED_DEVICE_FAMILY = "1,2";
				TEST_HOST = "$(BUILT_PRODUCTS_DIR)/FancyTextBox.app/FancyTextBox";
			};
			name = Debug;
		};
		CD63362E204ED94900BEA789 /* Release */ = {
			isa = XCBuildConfiguration;
			buildSettings = {
				ALWAYS_EMBED_SWIFT_STANDARD_LIBRARIES = YES;
				BUNDLE_LOADER = "$(TEST_HOST)";
				CODE_SIGN_STYLE = Automatic;
				DEVELOPMENT_TEAM = 3HPRL79RHD;
				INFOPLIST_FILE = FancyTextBoxTests/Info.plist;
				LD_RUNPATH_SEARCH_PATHS = "$(inherited) @executable_path/Frameworks @loader_path/Frameworks";
				PRODUCT_BUNDLE_IDENTIFIER = com.philipshen.testing.FancyTextBoxTests;
				PRODUCT_NAME = "$(TARGET_NAME)";
				SWIFT_VERSION = 4.0;
				TARGETED_DEVICE_FAMILY = "1,2";
				TEST_HOST = "$(BUILT_PRODUCTS_DIR)/FancyTextBox.app/FancyTextBox";
			};
			name = Release;
		};
/* End XCBuildConfiguration section */

/* Begin XCConfigurationList section */
		CD633607204ED94900BEA789 /* Build configuration list for PBXProject "FancyTextBox" */ = {
			isa = XCConfigurationList;
			buildConfigurations = (
				CD633627204ED94900BEA789 /* Debug */,
				CD633628204ED94900BEA789 /* Release */,
			);
			defaultConfigurationIsVisible = 0;
			defaultConfigurationName = Release;
		};
		CD633629204ED94900BEA789 /* Build configuration list for PBXNativeTarget "FancyTextBox" */ = {
			isa = XCConfigurationList;
			buildConfigurations = (
				CD63362A204ED94900BEA789 /* Debug */,
				CD63362B204ED94900BEA789 /* Release */,
			);
			defaultConfigurationIsVisible = 0;
			defaultConfigurationName = Release;
		};
		CD63362C204ED94900BEA789 /* Build configuration list for PBXNativeTarget "FancyTextBoxTests" */ = {
			isa = XCConfigurationList;
			buildConfigurations = (
				CD63362D204ED94900BEA789 /* Debug */,
				CD63362E204ED94900BEA789 /* Release */,
			);
			defaultConfigurationIsVisible = 0;
			defaultConfigurationName = Release;
		};
/* End XCConfigurationList section */
	};
	rootObject = CD633604204ED94900BEA789 /* Project object */;
}
